{
  "name": "qlik-api-gov",
  "version": "1.0.0",
  "lockfileVersion": 1,
  "requires": true,
  "dependencies": {
    "async-limiter": {
      "version": "1.0.0",
      "resolved": "https://registry.npmjs.org/async-limiter/-/async-limiter-1.0.0.tgz",
      "integrity": "sha512-jp/uFnooOiO+L211eZOoSyzpOITMXx1rBITauYykG3BRYPu8h0UcxsPNB04RR5vo4Tyz3+ay17tR6JVf9qzYWg=="
    },
    "enigma.js": {
      "version": "2.2.0",
      "resolved": "https://registry.npmjs.org/enigma.js/-/enigma.js-2.2.0.tgz",
      "integrity": "sha512-FY67VY+TXJ/Pb8PMFLEYZ09532QeSOrsC7mYE9W9a5gyPfC+yW4iVc0OGMcnSfyhrS9odzquC3eyXgDjyeC7tQ=="
    },
    "escope": {
      "version": "0.0.16",
      "resolved": "https://registry.npmjs.org/escope/-/escope-0.0.16.tgz",
      "integrity": "sha1-QYx6CvynIdr+ZZGT/Zhig+dGU48=",
      "requires": {
        "estraverse": "4.2.0"
      }
    },
    "esprima": {
      "version": "4.0.0",
      "resolved": "https://registry.npmjs.org/esprima/-/esprima-4.0.0.tgz",
      "integrity": "sha512-oftTcaMu/EGrEIu904mWteKIv8vMuOgGYo7EhVJJN00R/EED9DCua/xxHRdYnKtcECzVg7xOWhflvJMnqcFZjw=="
    },
    "esrefactor": {
      "version": "0.1.0",
      "resolved": "https://registry.npmjs.org/esrefactor/-/esrefactor-0.1.0.tgz",
      "integrity": "sha1-0UJ5WigjOauB6Ta1t6IbEb8ZexM=",
      "requires": {
        "escope": "0.0.16",
        "esprima": "1.0.4",
        "estraverse": "0.0.4"
      },
      "dependencies": {
        "esprima": {
          "version": "1.0.4",
          "resolved": "https://registry.npmjs.org/esprima/-/esprima-1.0.4.tgz",
          "integrity": "sha1-n1V+CPw7TSbs6d00+Pv0drYlha0="
        },
        "estraverse": {
          "version": "0.0.4",
          "resolved": "https://registry.npmjs.org/estraverse/-/estraverse-0.0.4.tgz",
          "integrity": "sha1-AaCTLf7ldGhKWYr1pnw7+bZCjbI="
        }
      }
    },
    "estraverse": {
      "version": "4.2.0",
      "resolved": "https://registry.npmjs.org/estraverse/-/estraverse-4.2.0.tgz",
      "integrity": "sha1-De4/7TH81GlhjOc0IJn8GvoL2xM="
    },
    "esutils": {
      "version": "2.0.2",
      "resolved": "https://registry.npmjs.org/esutils/-/esutils-2.0.2.tgz",
      "integrity": "sha1-Cr9PHKpbyx96nYrMbepPqqBLrJs="
    },
    "findit": {
      "version": "2.0.0",
      "resolved": "https://registry.npmjs.org/findit/-/findit-2.0.0.tgz",
      "integrity": "sha1-ZQnwEmr0wXhVHPqZOU4DLhOk1W4="
    },
    "upath": {
      "version": "1.0.5",
      "resolved": "https://registry.npmjs.org/upath/-/upath-1.0.5.tgz",
      "integrity": "sha512-qbKn90aDQ0YEwvXoLqj0oiuUYroLX2lVHZ+b+xwjozFasAOC4GneDq5+OaIG5Zj+jFmbz/uO+f7a9qxjktJQww=="
    },
    "ws": {
      "version": "5.1.1",
      "resolved": "https://registry.npmjs.org/ws/-/ws-5.1.1.tgz",
      "integrity": "sha512-bOusvpCb09TOBLbpMKszd45WKC2KPtxiyiHanv+H2DE3Az+1db5a/L7sVJZVDPUC1Br8f0SKRr1KjLpD1U/IAw==",
      "requires": {
        "async-limiter": "1.0.0"
      }
    }
  }
}
